# This file is automatically @generated by Cargo.
# It is not intended for manual editing.
version = 4

[[package]]
name = "com-scrape-types"
version = "0.1.1"
source = "registry+https://github.com/rust-lang/crates.io-index"
checksum = "5ce183b975b8fc736a20919c4002717255fbd867df575c792aeefa9a56a73ad0"

[[package]]
name = "goofi-vst3-fixture"
version = "0.0.0"
dependencies = [
 "vst3",
]

[[package]]
name = "vst3"
version = "0.3.0"
source = "registry+https://github.com/rust-lang/crates.io-index"
checksum = "e31e3fe7a6f028ded8c5a9984cf283319e6dc63572c9b71da1d4ee9d71d3b6bf"
dependencies = [
 "com-scrape-types",
]
